Microsoft Visual Studio Solution File, Format Version 12.00
# Visual Studio Version 17
VisualStudioVersion = 17.5.2.0
MinimumVisualStudioVersion = 10.0.40219.1
Project("{FAE04EC0-301F-11D3-BF4B-00C04F79EFBC}") = "CPE02", "CPE02.csproj", "{ACB9FB99-EDEF-5E2B-1C91-7617A3B7D921}"
EndProject
Global
	GlobalSection(SolutionConfigurationPlatforms) = preSolution
		Debug|Any CPU = Debug|Any CPU
		Release|Any CPU = Release|Any CPU
	EndGlobalSection
	GlobalSection(ProjectConfigurationPlatforms) = postSolution
		{ACB9FB99-EDEF-5E2B-1C91-7617A3B7D921}.Debug|Any CPU.ActiveCfg = Debug|Any CPU
		{ACB9FB99-EDEF-5E2B-1C91-7617A3B7D921}.Debug|Any CPU.Build.0 = Debug|Any CPU
		{ACB9FB99-EDEF-5E2B-1C91-7617A3B7D921}.Release|Any CPU.ActiveCfg = Release|Any CPU
		{ACB9FB99-EDEF-5E2B-1C91-7617A3B7D921}.Release|Any CPU.Build.0 = Release|Any CPU
	EndGlobalSection
	GlobalSection(SolutionProperties) = preSolution
		HideSolutionNode = FALSE
	EndGlobalSection
	GlobalSection(ExtensibilityGlobals) = postSolution
		SolutionGuid = {FBF2AE98-3EB4-4389-8148-9F9943538709}
	EndGlobalSection
EndGlobal
